
Microsoft Visual Studio Solution File, Format Version 12.00
# Visual Studio Version 17
VisualStudioVersion = 17.3.32825.248
MinimumVisualStudioVersion = 10.0.40219.1
Project("{FAE04EC0-301F-11D3-BF4B-00C04F79EFBC}") = "CreaterMeetService", "CreaterMeetService\CreaterMeetService.csproj", "{89108DF9-14C1-4E01-AF8D-E4627D3A632E}"
EndProject
Project("{FAE04EC0-301F-11D3-BF4B-00C04F79EFBC}") = "CreatedMeetRepository", "CreatedMeetRepository\CreatedMeetRepository.csproj", "{F30F94E7-51EF-4E86-A305-EDFA566E62D8}"
EndProject
Project("{FAE04EC0-301F-11D3-BF4B-00C04F79EFBC}") = "CreatedMeetTools", "CreatedMeetTools\CreatedMeetTools.csproj", "{899E2903-FA08-447B-8CE6-ACA0F4B42A7E}"
EndProject
Global
	GlobalSection(SolutionConfigurationPlatforms) = preSolution
		Debug|Any CPU = Debug|Any CPU
		Release|Any CPU = Release|Any CPU
	EndGlobalSection
	GlobalSection(ProjectConfigurationPlatforms) = postSolution
		{89108DF9-14C1-4E01-AF8D-E4627D3A632E}.Debug|Any CPU.ActiveCfg = Debug|Any CPU
		{89108DF9-14C1-4E01-AF8D-E4627D3A632E}.Debug|Any CPU.Build.0 = Debug|Any CPU
		{89108DF9-14C1-4E01-AF8D-E4627D3A632E}.Release|Any CPU.ActiveCfg = Release|Any CPU
		{89108DF9-14C1-4E01-AF8D-E4627D3A632E}.Release|Any CPU.Build.0 = Release|Any CPU
		{F30F94E7-51EF-4E86-A305-EDFA566E62D8}.Debug|Any CPU.ActiveCfg = Debug|Any CPU
		{F30F94E7-51EF-4E86-A305-EDFA566E62D8}.Debug|Any CPU.Build.0 = Debug|Any CPU
		{F30F94E7-51EF-4E86-A305-EDFA566E62D8}.Release|Any CPU.ActiveCfg = Release|Any CPU
		{F30F94E7-51EF-4E86-A305-EDFA566E62D8}.Release|Any CPU.Build.0 = Release|Any CPU
		{899E2903-FA08-447B-8CE6-ACA0F4B42A7E}.Debug|Any CPU.ActiveCfg = Debug|Any CPU
		{899E2903-FA08-447B-8CE6-ACA0F4B42A7E}.Debug|Any CPU.Build.0 = Debug|Any CPU
		{899E2903-FA08-447B-8CE6-ACA0F4B42A7E}.Release|Any CPU.ActiveCfg = Release|Any CPU
		{899E2903-FA08-447B-8CE6-ACA0F4B42A7E}.Release|Any CPU.Build.0 = Release|Any CPU
	EndGlobalSection
	GlobalSection(SolutionProperties) = preSolution
		HideSolutionNode = FALSE
	EndGlobalSection
	GlobalSection(ExtensibilityGlobals) = postSolution
		SolutionGuid = {1391168C-319C-4741-8E91-DC47CEBD1214}
	EndGlobalSection
EndGlobal
